
Microsoft Visual Studio Solution File, Format Version 12.00
# Visual Studio 15
VisualStudioVersion = 15.0.28307.572
MinimumVisualStudioVersion = 10.0.40219.1
Project("{FAE04EC0-301F-11D3-BF4B-00C04F79EFBC}") = "JsonInterface", "JsonInterface\JsonInterface.csproj", "{70050ED1-3BCE-4429-A01C-26D4B606DF49}"
EndProject
Project("{FAE04EC0-301F-11D3-BF4B-00C04F79EFBC}") = "JsonInterfaceTest", "..\JsonInterfaceTest\JsonInterfaceTest.csproj", "{605718DE-6186-44B4-A108-BD6483DBF820}"
EndProject
Global
	GlobalSection(SolutionConfigurationPlatforms) = preSolution
		Debug|Any CPU = Debug|Any CPU
		Release|Any CPU = Release|Any CPU
	EndGlobalSection
	GlobalSection(ProjectConfigurationPlatforms) = postSolution
		{70050ED1-3BCE-4429-A01C-26D4B606DF49}.Debug|Any CPU.ActiveCfg = Debug|Any CPU
		{70050ED1-3BCE-4429-A01C-26D4B606DF49}.Debug|Any CPU.Build.0 = Debug|Any CPU
		{70050ED1-3BCE-4429-A01C-26D4B606DF49}.Release|Any CPU.ActiveCfg = Release|Any CPU
		{70050ED1-3BCE-4429-A01C-26D4B606DF49}.Release|Any CPU.Build.0 = Release|Any CPU
		{605718DE-6186-44B4-A108-BD6483DBF820}.Debug|Any CPU.ActiveCfg = Debug|Any CPU
		{605718DE-6186-44B4-A108-BD6483DBF820}.Debug|Any CPU.Build.0 = Debug|Any CPU
		{605718DE-6186-44B4-A108-BD6483DBF820}.Release|Any CPU.ActiveCfg = Release|Any CPU
		{605718DE-6186-44B4-A108-BD6483DBF820}.Release|Any CPU.Build.0 = Release|Any CPU
	EndGlobalSection
	GlobalSection(SolutionProperties) = preSolution
		HideSolutionNode = FALSE
	EndGlobalSection
	GlobalSection(ExtensibilityGlobals) = postSolution
		SolutionGuid = {1AB5DB43-8782-499F-90D6-BD4102C1D80C}
	EndGlobalSection
EndGlobal
